Microsoft Visual Studio Solution File, Format Version 12.00
# Visual Studio Version 16
VisualStudioVersion = 16.0.28809.33
MinimumVisualStudioVersion = 10.0.40219.1
Project("{9A19103F-16F7-4668-BE54-9A1E7A4F7556}") = "Draken.Web", "Draken.Web\Draken.Web.csproj", "{0DDAC341-69A8-44C6-B01B-559EF170C360}"
EndProject
Project("{9A19103F-16F7-4668-BE54-9A1E7A4F7556}") = "Draken.Service", "Draken.Service\Draken.Service.csproj", "{B03AD09D-D888-4570-9DDB-ADB6D7C6B535}"
EndProject
Project("{FAE04EC0-301F-11D3-BF4B-00C04F79EFBC}") = "Draken.Domain.Entities", "Draken.Domain.Entities\Draken.Domain.Entities.csproj", "{D875B0CF-9615-47C4-B893-ABDEA561DAE2}"
EndProject
Project("{FAE04EC0-301F-11D3-BF4B-00C04F79EFBC}") = "Draken.Service.Interfaces", "Draken.Service.Interfaces\Draken.Service.Interfaces.csproj", "{6E38F9BA-2DD2-446C-B10C-6025EA212B3F}"
EndProject
Project("{9A19103F-16F7-4668-BE54-9A1E7A4F7556}") = "Draken.Repository.Interfaces", "Draken.Repository.InterRfaces\Draken.Repository.Interfaces.csproj", "{6A9E0D42-129B-47E6-BE2B-8FF5C6637A96}"
EndProject
Project("{9A19103F-16F7-4668-BE54-9A1E7A4F7556}") = "Draken.Repository", "Draken.Repository\Draken.Repository.csproj", "{B2F51A1F-FB68-433B-9988-457F744CDF92}"
EndProject
Global
	GlobalSection(SolutionConfigurationPlatforms) = preSolution
		Debug|Any CPU = Debug|Any CPU
		Release|Any CPU = Release|Any CPU
	EndGlobalSection
	GlobalSection(ProjectConfigurationPlatforms) = postSolution
		{0DDAC341-69A8-44C6-B01B-559EF170C360}.Debug|Any CPU.ActiveCfg = Debug|Any CPU
		{0DDAC341-69A8-44C6-B01B-559EF170C360}.Debug|Any CPU.Build.0 = Debug|Any CPU
		{0DDAC341-69A8-44C6-B01B-559EF170C360}.Release|Any CPU.ActiveCfg = Release|Any CPU
		{0DDAC341-69A8-44C6-B01B-559EF170C360}.Release|Any CPU.Build.0 = Release|Any CPU
		{B03AD09D-D888-4570-9DDB-ADB6D7C6B535}.Debug|Any CPU.ActiveCfg = Debug|Any CPU
		{B03AD09D-D888-4570-9DDB-ADB6D7C6B535}.Debug|Any CPU.Build.0 = Debug|Any CPU
		{B03AD09D-D888-4570-9DDB-ADB6D7C6B535}.Release|Any CPU.ActiveCfg = Release|Any CPU
		{B03AD09D-D888-4570-9DDB-ADB6D7C6B535}.Release|Any CPU.Build.0 = Release|Any CPU
		{D875B0CF-9615-47C4-B893-ABDEA561DAE2}.Debug|Any CPU.ActiveCfg = Debug|Any CPU
		{D875B0CF-9615-47C4-B893-ABDEA561DAE2}.Debug|Any CPU.Build.0 = Debug|Any CPU
		{D875B0CF-9615-47C4-B893-ABDEA561DAE2}.Release|Any CPU.ActiveCfg = Release|Any CPU
		{D875B0CF-9615-47C4-B893-ABDEA561DAE2}.Release|Any CPU.Build.0 = Release|Any CPU
		{6E38F9BA-2DD2-446C-B10C-6025EA212B3F}.Debug|Any CPU.ActiveCfg = Debug|Any CPU
		{6E38F9BA-2DD2-446C-B10C-6025EA212B3F}.Debug|Any CPU.Build.0 = Debug|Any CPU
		{6E38F9BA-2DD2-446C-B10C-6025EA212B3F}.Release|Any CPU.ActiveCfg = Release|Any CPU
		{6E38F9BA-2DD2-446C-B10C-6025EA212B3F}.Release|Any CPU.Build.0 = Release|Any CPU
		{6A9E0D42-129B-47E6-BE2B-8FF5C6637A96}.Debug|Any CPU.ActiveCfg = Debug|Any CPU
		{6A9E0D42-129B-47E6-BE2B-8FF5C6637A96}.Debug|Any CPU.Build.0 = Debug|Any CPU
		{6A9E0D42-129B-47E6-BE2B-8FF5C6637A96}.Release|Any CPU.ActiveCfg = Release|Any CPU
		{6A9E0D42-129B-47E6-BE2B-8FF5C6637A96}.Release|Any CPU.Build.0 = Release|Any CPU
		{B2F51A1F-FB68-433B-9988-457F744CDF92}.Debug|Any CPU.ActiveCfg = Debug|Any CPU
		{B2F51A1F-FB68-433B-9988-457F744CDF92}.Debug|Any CPU.Build.0 = Debug|Any CPU
		{B2F51A1F-FB68-433B-9988-457F744CDF92}.Release|Any CPU.ActiveCfg = Release|Any CPU
		{B2F51A1F-FB68-433B-9988-457F744CDF92}.Release|Any CPU.Build.0 = Release|Any CPU
	EndGlobalSection
	GlobalSection(SolutionProperties) = preSolution
		HideSolutionNode = FALSE
	EndGlobalSection
	GlobalSection(ExtensibilityGlobals) = postSolution
		SolutionGuid = {C1FC4CE2-B0DC-4149-9E2E-A780B09A7103}
	EndGlobalSection
EndGlobal
