
Microsoft Visual Studio Solution File, Format Version 12.00
# Visual Studio Version 16
VisualStudioVersion = 16.0.28621.142
MinimumVisualStudioVersion = 10.0.40219.1
Project("{9A19103F-16F7-4668-BE54-9A1E7A4F7556}") = "Draken.Web", "Draken.Web\Draken.Web.csproj", "{6D0A791E-7CCF-4ABA-938D-B5F2F4F2E17F}"
EndProject
Project("{9A19103F-16F7-4668-BE54-9A1E7A4F7556}") = "Draken.Data", "Draken.Data\Draken.Data.csproj", "{42D5FD27-FAC4-406D-A3C6-BDCD0DA54B74}"
EndProject
Project("{9A19103F-16F7-4668-BE54-9A1E7A4F7556}") = "Draken.API", "Draken.API\Draken.API.csproj", "{5FA43E6B-FF2D-4F6B-8D6B-34A5B1E9B1ED}"
EndProject
Project("{FAE04EC0-301F-11D3-BF4B-00C04F79EFBC}") = "Draken.Worker", "Draken.Worker\Draken.Worker.csproj", "{29BAB96F-6535-49B4-93C5-1717EA04C242}"
EndProject
Global
	GlobalSection(SolutionConfigurationPlatforms) = preSolution
		Debug|Any CPU = Debug|Any CPU
		Release|Any CPU = Release|Any CPU
	EndGlobalSection
	GlobalSection(ProjectConfigurationPlatforms) = postSolution
		{6D0A791E-7CCF-4ABA-938D-B5F2F4F2E17F}.Debug|Any CPU.ActiveCfg = Debug|Any CPU
		{6D0A791E-7CCF-4ABA-938D-B5F2F4F2E17F}.Debug|Any CPU.Build.0 = Debug|Any CPU
		{6D0A791E-7CCF-4ABA-938D-B5F2F4F2E17F}.Release|Any CPU.ActiveCfg = Release|Any CPU
		{6D0A791E-7CCF-4ABA-938D-B5F2F4F2E17F}.Release|Any CPU.Build.0 = Release|Any CPU
		{42D5FD27-FAC4-406D-A3C6-BDCD0DA54B74}.Debug|Any CPU.ActiveCfg = Debug|Any CPU
		{42D5FD27-FAC4-406D-A3C6-BDCD0DA54B74}.Debug|Any CPU.Build.0 = Debug|Any CPU
		{42D5FD27-FAC4-406D-A3C6-BDCD0DA54B74}.Release|Any CPU.ActiveCfg = Release|Any CPU
		{42D5FD27-FAC4-406D-A3C6-BDCD0DA54B74}.Release|Any CPU.Build.0 = Release|Any CPU
		{5FA43E6B-FF2D-4F6B-8D6B-34A5B1E9B1ED}.Debug|Any CPU.ActiveCfg = Debug|Any CPU
		{5FA43E6B-FF2D-4F6B-8D6B-34A5B1E9B1ED}.Debug|Any CPU.Build.0 = Debug|Any CPU
		{5FA43E6B-FF2D-4F6B-8D6B-34A5B1E9B1ED}.Release|Any CPU.ActiveCfg = Release|Any CPU
		{5FA43E6B-FF2D-4F6B-8D6B-34A5B1E9B1ED}.Release|Any CPU.Build.0 = Release|Any CPU
		{29BAB96F-6535-49B4-93C5-1717EA04C242}.Debug|Any CPU.ActiveCfg = Debug|Any CPU
		{29BAB96F-6535-49B4-93C5-1717EA04C242}.Debug|Any CPU.Build.0 = Debug|Any CPU
		{29BAB96F-6535-49B4-93C5-1717EA04C242}.Release|Any CPU.ActiveCfg = Release|Any CPU
		{29BAB96F-6535-49B4-93C5-1717EA04C242}.Release|Any CPU.Build.0 = Release|Any CPU
	EndGlobalSection
	GlobalSection(SolutionProperties) = preSolution
		HideSolutionNode = FALSE
	EndGlobalSection
	GlobalSection(ExtensibilityGlobals) = postSolution
		SolutionGuid = {08C96A59-C23D-474A-92A2-D271BD8FD7A3}
	EndGlobalSection
EndGlobal
