
Microsoft Visual Studio Solution File, Format Version 12.00
# Visual Studio Version 16
VisualStudioVersion = 16.0.28729.10
MinimumVisualStudioVersion = 10.0.40219.1
Project("{9A19103F-16F7-4668-BE54-9A1E7A4F7556}") = "AzureStorageDemo", "AzureStorageDemo\AzureStorageDemo.csproj", "{85E37220-3612-4B7A-8533-A21C2B83F4AC}"
EndProject
Project("{FAE04EC0-301F-11D3-BF4B-00C04F79EFBC}") = "ThumbnailGen", "ThumbnailGen\ThumbnailGen.csproj", "{FE269E3A-4FBA-446F-A43F-55F57038901B}"
EndProject
Global
	GlobalSection(SolutionConfigurationPlatforms) = preSolution
		Debug|Any CPU = Debug|Any CPU
		Release|Any CPU = Release|Any CPU
	EndGlobalSection
	GlobalSection(ProjectConfigurationPlatforms) = postSolution
		{85E37220-3612-4B7A-8533-A21C2B83F4AC}.Debug|Any CPU.ActiveCfg = Debug|Any CPU
		{85E37220-3612-4B7A-8533-A21C2B83F4AC}.Debug|Any CPU.Build.0 = Debug|Any CPU
		{85E37220-3612-4B7A-8533-A21C2B83F4AC}.Release|Any CPU.ActiveCfg = Release|Any CPU
		{85E37220-3612-4B7A-8533-A21C2B83F4AC}.Release|Any CPU.Build.0 = Release|Any CPU
		{FE269E3A-4FBA-446F-A43F-55F57038901B}.Debug|Any CPU.ActiveCfg = Debug|Any CPU
		{FE269E3A-4FBA-446F-A43F-55F57038901B}.Debug|Any CPU.Build.0 = Debug|Any CPU
		{FE269E3A-4FBA-446F-A43F-55F57038901B}.Release|Any CPU.ActiveCfg = Release|Any CPU
		{FE269E3A-4FBA-446F-A43F-55F57038901B}.Release|Any CPU.Build.0 = Release|Any CPU
	EndGlobalSection
	GlobalSection(SolutionProperties) = preSolution
		HideSolutionNode = FALSE
	EndGlobalSection
	GlobalSection(ExtensibilityGlobals) = postSolution
		SolutionGuid = {7A3970DA-4BAA-4DCA-B3BF-B40126DBBBFA}
	EndGlobalSection
EndGlobal
